
Microsoft Visual Studio Solution File, Format Version 12.00
# Visual Studio Version 17
VisualStudioVersion = 17.10.35027.167
MinimumVisualStudioVersion = 10.0.40219.1
Project("{FAE04EC0-301F-11D3-BF4B-00C04F79EFBC}") = "AutoBreach", "AutoBreach\AutoBreach.csproj", "{BD706341-EF20-4D15-9C68-EB5B32B8BB91}"
EndProject
Global
	GlobalSection(SolutionConfigurationPlatforms) = preSolution
		Debug|Any CPU = Debug|Any CPU
		Release|Any CPU = Release|Any CPU
	EndGlobalSection
	GlobalSection(ProjectConfigurationPlatforms) = postSolution
		{BD706341-EF20-4D15-9C68-EB5B32B8BB91}.Debug|Any CPU.ActiveCfg = Debug|Any CPU
		{BD706341-EF20-4D15-9C68-EB5B32B8BB91}.Debug|Any CPU.Build.0 = Debug|Any CPU
		{BD706341-EF20-4D15-9C68-EB5B32B8BB91}.Release|Any CPU.ActiveCfg = Release|Any CPU
		{BD706341-EF20-4D15-9C68-EB5B32B8BB91}.Release|Any CPU.Build.0 = Release|Any CPU
	EndGlobalSection
	GlobalSection(SolutionProperties) = preSolution
		HideSolutionNode = FALSE
	EndGlobalSection
	GlobalSection(ExtensibilityGlobals) = postSolution
		SolutionGuid = {88BB60E2-969D-4467-847D-2DDFE69E7213}
	EndGlobalSection
EndGlobal
